<?xml version="1.0" encoding="utf-8"?>
<Project ToolsVersion="4.0" xmlns="http://schemas.microsoft.com/developer/msbuild/2003">
  <ItemGroup>
    <Filter Include="Source Files">
      <UniqueIdentifier>{4FC737F1-C7A5-4376-A066-2A32D752A2FF}</UniqueIdentifier>
      <Extensions>cpp;cxx;c;def</Extensions>
    </Filter>
    <Filter Include="Header Files">
      <UniqueIdentifier>{93995380-89BD-4b04-88EB-625FBE52EBFB}</UniqueIdentifier>
      <Extensions>h</Extensions>
    </Filter>
    <Filter Include="Form Files">
      <UniqueIdentifier>{99349809-55BA-4b9d-BF79-8FDBB0286EB3}</UniqueIdentifier>
      <Extensions>ui</Extensions>
    </Filter>
    <Filter Include="Resource Files">
      <UniqueIdentifier>{D9D6E242-F8AF-46E4-B9FD-80ECBC20BA3E}</UniqueIdentifier>
      <Extensions>qrc;*</Extensions>
      <ParseFiles>false</ParseFiles>
    </Filter>
    <Filter Include="Generated Files">
      <UniqueIdentifier>{71ED8ED8-ACB9-4CE9-BBE1-E00B30144E11}</UniqueIdentifier>
      <Extensions>moc;h;cpp</Extensions>
      <SourceControlFiles>False</SourceControlFiles>
    </Filter>
    <Filter Include="Generated Files\Debug">
      <UniqueIdentifier>{8c314de4-7dfb-430c-8ce7-51b1979af4c2}</UniqueIdentifier>
      <Extensions>cpp;moc</Extensions>
      <SourceControlFiles>False</SourceControlFiles>
    </Filter>
    <Filter Include="Generated Files\Release">
      <UniqueIdentifier>{b8324324-1574-4e2b-a674-20cdb9d53cb4}</UniqueIdentifier>
      <Extensions>cpp;moc</Extensions>
      <SourceControlFiles>False</SourceControlFiles>
    </Filter>
    <Filter Include="Generated Files\Profiling">
      <UniqueIdentifier>{4213fc1b-2a4e-4977-aea7-e2e9b544060d}</UniqueIdentifier>
      <Extensions>cpp;moc</Extensions>
      <SourceControlFiles>False</SourceControlFiles>
    </Filter>
    <Filter Include="Output Files">
      <UniqueIdentifier>{54992448-fd45-428b-aa12-5a7591c3fb3a}</UniqueIdentifier>
      <Extensions>*.lampstrj</Extensions>
    </Filter>
    <Filter Include="Header Files\GUI">
      <UniqueIdentifier>{788b2aa7-a2cf-4153-b4f7-1578e72d53e7}</UniqueIdentifier>
    </Filter>
    <Filter Include="Source Files\GUI">
      <UniqueIdentifier>{21d31f09-d3d0-49a6-b59e-a9c2b1d7a3eb}</UniqueIdentifier>
    </Filter>
    <Filter Include="Source Files\CUDA Kernels">
      <UniqueIdentifier>{c86b4056-f018-46ba-a715-34b4c29fe600}</UniqueIdentifier>
    </Filter>
    <Filter Include="Header Files\Initializers">
      <UniqueIdentifier>{f32ca5a6-a002-49d5-b388-946552100b91}</UniqueIdentifier>
    </Filter>
    <Filter Include="Header Files\Calculators">
      <UniqueIdentifier>{f61c8927-6c0c-4e8a-9d98-bca44943c609}</UniqueIdentifier>
    </Filter>
    <Filter Include="Source Files\Initializers">
      <UniqueIdentifier>{ff335c5d-c6a0-40c7-8eaa-d75542311af7}</UniqueIdentifier>
    </Filter>
    <Filter Include="Source Files\Calculators">
      <UniqueIdentifier>{89e5b29e-acae-4526-9afa-87cd0baaef39}</UniqueIdentifier>
    </Filter>
    <Filter Include="Source Files\Containers">
      <UniqueIdentifier>{de92509b-23c2-4b5e-b495-dc309791ebf6}</UniqueIdentifier>
    </Filter>
    <Filter Include="Header Files\Containers">
      <UniqueIdentifier>{91af8e28-25ec-43dc-8a96-f228d6533191}</UniqueIdentifier>
    </Filter>
  </ItemGroup>
  <ItemGroup>
    <ClCompile Include="main.cpp">
      <Filter>Source Files</Filter>
    </ClCompile>
    <ClCompile Include="GeneratedFiles\qrc_maingui.cpp">
      <Filter>Generated Files</Filter>
    </ClCompile>
    <ClCompile Include="GeneratedFiles\Debug\moc_maingui.cpp">
      <Filter>Generated Files\Debug</Filter>
    </ClCompile>
    <ClCompile Include="GeneratedFiles\Release\moc_maingui.cpp">
      <Filter>Generated Files\Release</Filter>
    </ClCompile>
    <ClCompile Include="GeneratedFiles\Profiling\moc_maingui.cpp">
      <Filter>Generated Files\Profiling</Filter>
    </ClCompile>
    <ClCompile Include="GeneratedFiles\Debug\moc_PaintWidget.cpp">
      <Filter>Generated Files\Debug</Filter>
    </ClCompile>
    <ClCompile Include="GeneratedFiles\Release\moc_PaintWidget.cpp">
      <Filter>Generated Files\Release</Filter>
    </ClCompile>
    <ClCompile Include="GeneratedFiles\Profiling\moc_PaintWidget.cpp">
      <Filter>Generated Files\Profiling</Filter>
    </ClCompile>
    <ClCompile Include="Molecule.cpp">
      <Filter>Source Files</Filter>
    </ClCompile>
    <ClCompile Include="PaintWidget.cpp">
      <Filter>Source Files\GUI</Filter>
    </ClCompile>
    <ClCompile Include="maingui.cpp">
      <Filter>Source Files\GUI</Filter>
    </ClCompile>
    <ClCompile Include="MathVector.cpp">
      <Filter>Source Files</Filter>
    </ClCompile>
    <ClCompile Include="StartWindow.cpp">
      <Filter>Source Files\GUI</Filter>
    </ClCompile>
    <ClCompile Include="ModelingWindow.cpp">
      <Filter>Source Files\GUI</Filter>
    </ClCompile>
    <ClCompile Include="AbstractCalculator.cpp">
      <Filter>Source Files\Calculators</Filter>
    </ClCompile>
    <ClCompile Include="AbstractContainer.cpp">
      <Filter>Source Files\Containers</Filter>
    </ClCompile>
    <ClCompile Include="DeprecatedSpace.cpp">
      <Filter>Source Files\Containers</Filter>
    </ClCompile>
    <ClCompile Include="Space.cpp">
      <Filter>Source Files\Containers</Filter>
    </ClCompile>
    <ClCompile Include="AbstractInitializer.cpp">
      <Filter>Source Files\Initializers</Filter>
    </ClCompile>
    <ClCompile Include="Controller.cpp">
      <Filter>Source Files</Filter>
    </ClCompile>
    <ClCompile Include="GeneratedFiles\Debug\moc_AbstractInitializer.cpp">
      <Filter>Generated Files\Debug</Filter>
    </ClCompile>
    <ClCompile Include="GeneratedFiles\Release\moc_AbstractInitializer.cpp">
      <Filter>Generated Files\Release</Filter>
    </ClCompile>
    <ClCompile Include="GeneratedFiles\Profiling\moc_AbstractInitializer.cpp">
      <Filter>Generated Files\Profiling</Filter>
    </ClCompile>
    <ClCompile Include="GeneratedFiles\Debug\moc_StartWindow.cpp">
      <Filter>Generated Files\Debug</Filter>
    </ClCompile>
    <ClCompile Include="GeneratedFiles\Release\moc_StartWindow.cpp">
      <Filter>Generated Files\Release</Filter>
    </ClCompile>
    <ClCompile Include="GeneratedFiles\Profiling\moc_StartWindow.cpp">
      <Filter>Generated Files\Profiling</Filter>
    </ClCompile>
    <ClCompile Include="GeneratedFiles\Debug\moc_Controller.cpp">
      <Filter>Generated Files\Debug</Filter>
    </ClCompile>
    <ClCompile Include="GeneratedFiles\Release\moc_Controller.cpp">
      <Filter>Generated Files\Release</Filter>
    </ClCompile>
    <ClCompile Include="GeneratedFiles\Profiling\moc_Controller.cpp">
      <Filter>Generated Files\Profiling</Filter>
    </ClCompile>
    <ClCompile Include="DeprecatedCalculator.cpp">
      <Filter>Source Files\Calculators</Filter>
    </ClCompile>
    <ClCompile Include="GeneratedFiles\Debug\moc_DeprecatedCalculator.cpp">
      <Filter>Generated Files\Debug</Filter>
    </ClCompile>
    <ClCompile Include="GeneratedFiles\Release\moc_DeprecatedCalculator.cpp">
      <Filter>Generated Files\Release</Filter>
    </ClCompile>
    <ClCompile Include="GeneratedFiles\Profiling\moc_DeprecatedCalculator.cpp">
      <Filter>Generated Files\Profiling</Filter>
    </ClCompile>
  </ItemGroup>
  <ItemGroup>
    <CustomBuild Include="maingui.ui">
      <Filter>Form Files</Filter>
    </CustomBuild>
    <CustomBuild Include="maingui.qrc">
      <Filter>Resource Files</Filter>
    </CustomBuild>
    <CustomBuild Include="Molecule.h">
      <Filter>Header Files</Filter>
    </CustomBuild>
    <CustomBuild Include="maingui.h">
      <Filter>Header Files\GUI</Filter>
    </CustomBuild>
    <CustomBuild Include="PaintWidget.h">
      <Filter>Header Files\GUI</Filter>
    </CustomBuild>
    <CustomBuild Include="StartWindow.ui">
      <Filter>Form Files</Filter>
    </CustomBuild>
    <CustomBuild Include="ModelingWindow.ui">
      <Filter>Form Files</Filter>
    </CustomBuild>
    <CustomBuild Include="AbstractCalculator.h">
      <Filter>Header Files\Calculators</Filter>
    </CustomBuild>
    <CustomBuild Include="AbstractInitializer.h">
      <Filter>Header Files\Initializers</Filter>
    </CustomBuild>
    <CustomBuild Include="StartWindow.h">
      <Filter>Header Files\GUI</Filter>
    </CustomBuild>
    <CustomBuild Include="Controller.h">
      <Filter>Header Files</Filter>
    </CustomBuild>
    <CustomBuild Include="DeprecatedCalculator.h">
      <Filter>Header Files\Calculators</Filter>
    </CustomBuild>
  </ItemGroup>
  <ItemGroup>
    <ClInclude Include="GeneratedFiles\ui_maingui.h">
      <Filter>Generated Files</Filter>
    </ClInclude>
    <ClInclude Include="cuda.h">
      <Filter>Header Files</Filter>
    </ClInclude>
    <ClInclude Include="c_cuda_structures.h">
      <Filter>Header Files</Filter>
    </ClInclude>
    <ClInclude Include="MathVector.h">
      <Filter>Header Files</Filter>
    </ClInclude>
    <ClInclude Include="GeneratedFiles\ui_StartWindow.h">
      <Filter>Generated Files</Filter>
    </ClInclude>
    <ClInclude Include="GeneratedFiles\ui_ModelingWindow.h">
      <Filter>Generated Files</Filter>
    </ClInclude>
    <ClInclude Include="ModelingWindow.h">
      <Filter>Header Files\GUI</Filter>
    </ClInclude>
    <ClInclude Include="DeprecatedSpace.h">
      <Filter>Header Files\Containers</Filter>
    </ClInclude>
    <ClInclude Include="AbstractContainer.h">
      <Filter>Header Files\Containers</Filter>
    </ClInclude>
    <ClInclude Include="Space.h">
      <Filter>Header Files\Containers</Filter>
    </ClInclude>
  </ItemGroup>
  <ItemGroup>
    <None Include="MolecularDynamics.pri" />
    <None Include="MolecularDynamics.pro" />
  </ItemGroup>
  <ItemGroup>
    <CudaCompile Include="c_cuda_stuctures.cu">
      <Filter>Source Files\CUDA Kernels</Filter>
    </CudaCompile>
    <CudaCompile Include="kernel_forces.cu">
      <Filter>Source Files\CUDA Kernels</Filter>
    </CudaCompile>
  </ItemGroup>
</Project>